
Microsoft Visual Studio Solution File, Format Version 12.00
# Visual Studio Version 16
VisualStudioVersion = 16.0.808.10
MinimumVisualStudioVersion = 10.0.40219.1
Project("{FAE04EC0-301F-11D3-BF4B-00C04F79EFBC}") = "escopo", "escopo\escopo.csproj", "{F3DF73EC-6D1E-4C5A-91A3-7688FC438853}"
EndProject
Global
	GlobalSection(SolutionConfigurationPlatforms) = preSolution
		Debug|Any CPU = Debug|Any CPU
		Release|Any CPU = Release|Any CPU
	EndGlobalSection
	GlobalSection(ProjectConfigurationPlatforms) = postSolution
		{F3DF73EC-6D1E-4C5A-91A3-7688FC438853}.Debug|Any CPU.ActiveCfg = Debug|Any CPU
		{F3DF73EC-6D1E-4C5A-91A3-7688FC438853}.Debug|Any CPU.Build.0 = Debug|Any CPU
		{F3DF73EC-6D1E-4C5A-91A3-7688FC438853}.Release|Any CPU.ActiveCfg = Release|Any CPU
		{F3DF73EC-6D1E-4C5A-91A3-7688FC438853}.Release|Any CPU.Build.0 = Release|Any CPU
	EndGlobalSection
	GlobalSection(SolutionProperties) = preSolution
		HideSolutionNode = FALSE
	EndGlobalSection
	GlobalSection(ExtensibilityGlobals) = postSolution
		SolutionGuid = {47944E06-6C63-4045-B073-316D27984B2B}
	EndGlobalSection
EndGlobal
